{
    "_meta": {
        "hash": {
            "sha256": "bd790e6e083ae03ca181ba379b8cc630b635b7c2d422e7fbc2e1837c112cdde7"
        },
        "pipfile-spec": 6,
        "requires": {
            "python_version": "3.6"
        },
        "sources": [
            {
                "name": "pypi",
                "url": "https://pypi.org/simple",
                "verify_ssl": true
            }
        ]
    },
    "default": {
        "absl-py": {
            "hashes": [
                "sha256:87519e3b91a3d573664c6e2ee33df582bb68dca6642ae3cf3a4361b1c0a4e9d6"
            ],
            "version": "==0.6.1"
        },
        "astor": {
            "hashes": [
                "sha256:95c30d87a6c2cf89aa628b87398466840f0ad8652f88eb173125a6df8533fb8d",
                "sha256:fb503b9e2fdd05609fbf557b916b4a7824171203701660f0c55bbf5a7a68713e"
            ],
            "markers": "python_version >= '2.7' and python_version != '3.3.*' and python_version != '3.0.*' and python_version != '3.1.*' and python_version != '3.2.*'",
            "version": "==0.7.1"
        },
        "bleach": {
            "hashes": [
                "sha256:978e758599b54cd3caa2e160d74102879b230ea8dc93871d0783721eef58bc65",
                "sha256:e67f46adcec78dbc3c04462f3aba3213a673d5652eba2609ed1ef15492a44b8d"
            ],
            "version": "==1.5.0"
        },
        "gast": {
            "hashes": [
                "sha256:7068908321ecd2774f145193c4b34a11305bd104b4551b09273dfd1d6a374930"
            ],
            "version": "==0.2.0"
        },
        "google-images-download": {
            "hashes": [
                "sha256:390b39c64c72daf8934235e8f5cb79b71de0e5cc8599e9dd580491d89c80afa4"
            ],
            "index": "pypi",
            "version": "==2.5.0"
        },
        "grpcio": {
            "hashes": [
                "sha256:09a37a0121215740fb39c5e20afa2d40a4731799d8b7dc61d854a75c9299b6a2",
                "sha256:2d06536bcfb6c83e9074b86ce88ae7b2faedfaac5e8cb261b8edb47b3b14dc59",
                "sha256:32d967ed8e09c1ef71126fbbe0d2f3bc8d1f7500ae6065b4dd271e0822b83650",
                "sha256:41bf456665d666d0a07cb1b363626745dc1a98b02395acd666b36c929133a72a",
                "sha256:446b40a37250acb2555962df900e0ce7d5c7e8b9c5353bd786b75a389d2b67a7",
                "sha256:5315dfc229223c6e18134e1ad1bec1306372ab74ef4ccee4eebdf4f6e8e149ff",
                "sha256:5764615ae4c2bb3de6b8498714c64507ea6bca9461d4fc4421af632491e55139",
                "sha256:58b09826e26f7842aca2f81fb4c7169fdff3e58c4b1b635a8a2cd0b3a216ea74",
                "sha256:6a6f5bfd3e23ac43dcb11e7ae8ca499c5a283df138d0f70f05cc2a46dd0599d2",
                "sha256:703e431ca770b924f85d14bb02a1ebcebf70541a068b4cbc4a1f2fe88cc4e997",
                "sha256:78b99a433b8ee41d878facd76c6877a688b5f1e07634968bf3f86fdf0557510e",
                "sha256:7907cc0119988532e30594bb3c97d78d3e0998d15a0623d7223bbd4db2fcace3",
                "sha256:7b4467b7ba0db4c506c8c689461d75c4d4e626edde2e1b666fba35f473b9c671",
                "sha256:7e78e05df820136eff85056253411bc2598ef3c3395508ade7373800825511fb",
                "sha256:7e8c15407b5d85cb7ea580e2e272af4063dcdbb1b0ee93f0131ba3b345679bd2",
                "sha256:7eae9240a6ad2097f835f5f93050e0ad9440ff50799215b70c9950e743b7c685",
                "sha256:817b6c479ff3edd05bc89bbff5ab1ba89392af81894cc27ae6a47d741ca375c6",
                "sha256:836e3ccac59c4b3222915d2b6440b1ab13191be15d004cd7ab9fcac5946249fe",
                "sha256:8b9b2c5084b883b52c705838b132ddbd5138f64bf21c1fdbeaf854598f9131f3",
                "sha256:9a6eaa71d328347fb13f6a3fb4d1564cc393dc37b6d07f37e84c78d8f605b548",
                "sha256:9afe4584a7c9928588be3b6340eea887f241e3b470a6cad9827e8f2cd3a90273",
                "sha256:9bff46dd43773329fbca3f19b2b07c0be9ec43c5a57a98ef77b7faa810d452e3",
                "sha256:a73f989e45b34d211719a62d565ea13db32c7ae741fff5746126b2aacb31a0be",
                "sha256:a7a0fa9df943ba46fde64083cf18579c34ae73a56e765e8b3dcf36eed0ad1bdb",
                "sha256:a7e6c986b0d12e7fa70faba37fec4cf7366cdba603a6548a79c6e2ed1db906a5",
                "sha256:bdad37e6dfcd70524b712e45e7bac7cc05caa2eca563b0c072b5fcdc9dc34468",
                "sha256:c0c624efc1fc1433588efb38011a570d1939b23001ef1dfec06ef1734cf00e7e",
                "sha256:d2c17d4a1fee746e7d122c84ca9733347beb449bfc0afdba36ad292871d62f4f",
                "sha256:d6c798506312648758ee774281f64469109b834f19e5de1a800451ef1d4e276b",
                "sha256:dd2dfc067acea55c89f6b2b63a4c96b84534a3073509277ff980c44bfcf3314f",
                "sha256:df316ce5b353d8ecb9fdff4c5bedb86964d4f46cf979825a444cc3e03d5ce2d5",
                "sha256:e6dc1ed826107f782f300774dd933eadfe54784a5225a0a5af4a31821a440136"
            ],
            "version": "==1.16.1"
        },
        "html5lib": {
            "hashes": [
                "sha256:2612a191a8d5842bfa057e41ba50bbb9dcb722419d2408c78cff4758d0754868"
            ],
            "version": "==0.9999999"
        },
        "markdown": {
            "hashes": [
                "sha256:c00429bd503a47ec88d5e30a751e147dcb4c6889663cd3e2ba0afe858e009baa",
                "sha256:d02e0f9b04c500cde6637c11ad7c72671f359b87b9fe924b2383649d8841db7c"
            ],
            "markers": "python_version >= '2.7' and python_version != '3.3.*' and python_version != '3.0.*' and python_version != '3.1.*' and python_version != '3.2.*'",
            "version": "==3.0.1"
        },
        "numpy": {
            "hashes": [
                "sha256:0df89ca13c25eaa1621a3f09af4c8ba20da849692dcae184cb55e80952c453fb",
                "sha256:154c35f195fd3e1fad2569930ca51907057ae35e03938f89a8aedae91dd1b7c7",
                "sha256:18e84323cdb8de3325e741a7a8dd4a82db74fde363dce32b625324c7b32aa6d7",
                "sha256:1e8956c37fc138d65ded2d96ab3949bd49038cc6e8a4494b1515b0ba88c91565",
                "sha256:23557bdbca3ccbde3abaa12a6e82299bc92d2b9139011f8c16ca1bb8c75d1e95",
                "sha256:24fd645a5e5d224aa6e39d93e4a722fafa9160154f296fd5ef9580191c755053",
                "sha256:36e36b6868e4440760d4b9b44587ea1dc1f06532858d10abba98e851e154ca70",
                "sha256:3d734559db35aa3697dadcea492a423118c5c55d176da2f3be9c98d4803fc2a7",
                "sha256:416a2070acf3a2b5d586f9a6507bb97e33574df5bd7508ea970bbf4fc563fa52",
                "sha256:4a22dc3f5221a644dfe4a63bf990052cc674ef12a157b1056969079985c92816",
                "sha256:4d8d3e5aa6087490912c14a3c10fbdd380b40b421c13920ff468163bc50e016f",
                "sha256:4f41fd159fba1245e1958a99d349df49c616b133636e0cf668f169bce2aeac2d",
                "sha256:561ef098c50f91fbac2cc9305b68c915e9eb915a74d9038ecf8af274d748f76f",
                "sha256:56994e14b386b5c0a9b875a76d22d707b315fa037affc7819cda08b6d0489756",
                "sha256:73a1f2a529604c50c262179fcca59c87a05ff4614fe8a15c186934d84d09d9a5",
                "sha256:7da99445fd890206bfcc7419f79871ba8e73d9d9e6b82fe09980bc5bb4efc35f",
                "sha256:99d59e0bcadac4aa3280616591fb7bcd560e2218f5e31d5223a2e12a1425d495",
                "sha256:a4cc09489843c70b22e8373ca3dfa52b3fab778b57cf81462f1203b0852e95e3",
                "sha256:a61dc29cfca9831a03442a21d4b5fd77e3067beca4b5f81f1a89a04a71cf93fa",
                "sha256:b1853df739b32fa913cc59ad9137caa9cc3d97ff871e2bbd89c2a2a1d4a69451",
                "sha256:b1f44c335532c0581b77491b7715a871d0dd72e97487ac0f57337ccf3ab3469b",
                "sha256:b261e0cb0d6faa8fd6863af26d30351fd2ffdb15b82e51e81e96b9e9e2e7ba16",
                "sha256:c857ae5dba375ea26a6228f98c195fec0898a0fd91bcf0e8a0cae6d9faf3eca7",
                "sha256:cf5bb4a7d53a71bb6a0144d31df784a973b36d8687d615ef6a7e9b1809917a9b",
                "sha256:db9814ff0457b46f2e1d494c1efa4111ca089e08c8b983635ebffb9c1573361f",
                "sha256:df04f4bad8a359daa2ff74f8108ea051670cafbca533bb2636c58b16e962989e",
                "sha256:ecf81720934a0e18526177e645cbd6a8a21bb0ddc887ff9738de07a1df5c6b61",
                "sha256:edfa6fba9157e0e3be0f40168eb142511012683ac3dc82420bee4a3f3981b30e"
            ],
            "index": "pypi",
            "version": "==1.15.4"
        },
        "pillow": {
            "hashes": [
                "sha256:00203f406818c3f45d47bb8fe7e67d3feddb8dcbbd45a289a1de7dd789226360",
                "sha256:0616f800f348664e694dddb0b0c88d26761dd5e9f34e1ed7b7a7d2da14b40cb7",
                "sha256:1f7908aab90c92ad85af9d2fec5fc79456a89b3adcc26314d2cde0e238bd789e",
                "sha256:2ea3517cd5779843de8a759c2349a3cd8d3893e03ab47053b66d5ec6f8bc4f93",
                "sha256:48a9f0538c91fc136b3a576bee0e7cd174773dc9920b310c21dcb5519722e82c",
                "sha256:5280ebc42641a1283b7b1f2c20e5b936692198b9dd9995527c18b794850be1a8",
                "sha256:5e34e4b5764af65551647f5cc67cf5198c1d05621781d5173b342e5e55bf023b",
                "sha256:63b120421ab85cad909792583f83b6ca3584610c2fe70751e23f606a3c2e87f0",
                "sha256:696b5e0109fe368d0057f484e2e91717b49a03f1e310f857f133a4acec9f91dd",
                "sha256:870ed021a42b1b02b5fe4a739ea735f671a84128c0a666c705db2cb9abd528eb",
                "sha256:916da1c19e4012d06a372127d7140dae894806fad67ef44330e5600d77833581",
                "sha256:9303a289fa0811e1c6abd9ddebfc770556d7c3311cb2b32eff72164ddc49bc64",
                "sha256:9577888ecc0ad7d06c3746afaba339c94d62b59da16f7a5d1cff9e491f23dace",
                "sha256:987e1c94a33c93d9b209315bfda9faa54b8edfce6438a1e93ae866ba20de5956",
                "sha256:99a3bbdbb844f4fb5d6dd59fac836a40749781c1fa63c563bc216c27aef63f60",
                "sha256:99db8dc3097ceafbcff9cb2bff384b974795edeb11d167d391a02c7bfeeb6e16",
                "sha256:a5a96cf49eb580756a44ecf12949e52f211e20bffbf5a95760ac14b1e499cd37",
                "sha256:aa6ca3eb56704cdc0d876fc6047ffd5ee960caad52452fbee0f99908a141a0ae",
                "sha256:aade5e66795c94e4a2b2624affeea8979648d1b0ae3fcee17e74e2c647fc4a8a",
                "sha256:b78905860336c1d292409e3df6ad39cc1f1c7f0964e66844bbc2ebfca434d073",
                "sha256:b92f521cdc4e4a3041cc343625b699f20b0b5f976793fb45681aac1efda565f8",
                "sha256:bfde84bbd6ae5f782206d454b67b7ee8f7f818c29b99fd02bf022fd33bab14cb",
                "sha256:c2b62d3df80e694c0e4a0ed47754c9480521e25642251b3ab1dff050a4e60409",
                "sha256:c5e2be6c263b64f6f7656e23e18a4a9980cffc671442795682e8c4e4f815dd9f",
                "sha256:c99aa3c63104e0818ec566f8ff3942fb7c7a8f35f9912cb63fd8e12318b214b2",
                "sha256:dae06620d3978da346375ebf88b9e2dd7d151335ba668c995aea9ed07af7add4",
                "sha256:db5499d0710823fa4fb88206050d46544e8f0e0136a9a5f5570b026584c8fd74",
                "sha256:f36baafd82119c4a114b9518202f2a983819101dcc14b26e43fc12cbefdce00e",
                "sha256:f52b79c8796d81391ab295b04e520bda6feed54d54931708872e8f9ae9db0ea1",
                "sha256:ff8cff01582fa1a7e533cb97f628531c4014af4b5f38e33cdcfe5eec29b6d888"
            ],
            "index": "pypi",
            "version": "==5.3.0"
        },
        "protobuf": {
            "hashes": [
                "sha256:06ec363b74bceb7d018f2171e0892f03ab6816530e2b0f77d725a58264551e48",
                "sha256:11788df3e176f44e0375fe6361342d7258a457b346504ea259a21b77ffc18a90",
                "sha256:41661f9a442eba2f1967f15333ebe9ecc7e7c51bcbaa2972303ad33a4ca0168e",
                "sha256:4d2e665410b0a278d2eb2c0a529ca2366bb325eb2ae34e189a826b71fb1b28cd",
                "sha256:50c24f0d00b7efb3a72ae638ddc118e713cfe8cef40527afe24f7ebcb878e46d",
                "sha256:95b78959572de7d7fafa3acb718ed71f482932ddddddbd29ba8319c10639d863",
                "sha256:b20f861b55efd8206428c13e017cc8e2c34b40b2a714446eb202bbf0ff7597a6"
            ],
            "index": "pypi",
            "version": "==3.5.1"
        },
        "selenium": {
            "hashes": [
                "sha256:2d7131d7bc5a5b99a2d9b04aaf2612c411b03b8ca1b1ee8d3de5845a9be2cb3c",
                "sha256:deaf32b60ad91a4611b98d8002757f29e6f2c2d5fcaf202e1c9ad06d6772300d"
            ],
            "markers": "python_version >= '2.7' and python_version != '3.2.*' and python_version != '3.0.*' and python_version != '3.3.*' and python_version != '3.1.*' and python_version < '4'",
            "version": "==3.141.0"
        },
        "six": {
            "hashes": [
                "sha256:70e8a77beed4562e7f14fe23a786b54f6296e34344c23bc42f07b15018ff98e9",
                "sha256:832dc0e10feb1aa2c68dcc57dbb658f1c7e65b9b61af69048abc87a2db00a0eb"
            ],
            "index": "pypi",
            "version": "==1.11.0"
        },
        "tensorboard": {
            "hashes": [
                "sha256:4c4793f904d2e8f5b83fc05ae3330e48c8305f08a3250019a6f44e37681644a9",
                "sha256:f3a873d87eb1558836e2a4f0cda3003e93824345ab3f22aba4770ac1b79f8ded"
            ],
            "markers": "python_version >= '2.7' and python_version != '3.2.*' and python_version != '3.0.*' and python_version != '3.3.*' and python_version != '3.1.*'",
            "version": "==1.7.0"
        },
        "tensorflow": {
            "hashes": [
                "sha256:3d21532940f35e1a125fb58b3572892ab7e8fe26080b53ffd6edd4b89bc24e4b",
                "sha256:3d94790438edd2d54d07eec1104a1bc1b3917163f39dd3933e9ccd89742c6554",
                "sha256:423cd937ed818adddce48a943dea8cd3dba5f645337514046e2f0574626c1960",
                "sha256:69e32726b30e7e0d3b90ce8f61a9e970fce327c93bffbc8f381657a3b25d787f",
                "sha256:6d76df83545b846f74e0d661c15261872a3cf1e0a4a8dfd02bce7b0bd06d2076",
                "sha256:7e3901113001b5e95862db52f5c30dd31fa420f68981008bc57f5c8c327145f9",
                "sha256:999dfb596b12f87717111eb1218fbe072d37bc8bb3fd05c4a1a2646a3f5e7aeb",
                "sha256:a2b6e2da86805ec0552732ab043b18d5c2c2c9c09050d25dee38edb08403bbca",
                "sha256:c3282ee56d0a43bf319171ca3c8933d480fe848e84ec82f189c002a3090a732b",
                "sha256:e4493e05dcc70ac519883129ef4541688f534efce61b04d2dbe0b0224935bf5c",
                "sha256:ee3bb377bc8ba40cb32852193f030b6e24e318d3f85b8d35c67957c1bd39fa1c",
                "sha256:fe1b62935be1ef583601fc69878329e1bc735db2f159e03a622c98d7504e19ad"
            ],
            "index": "pypi",
            "version": "==1.7"
        },
        "tensorflow-hub": {
            "hashes": [
                "sha256:d87fa4b32e6b150fbf39f54bdcc46deaa6c9fb44733941c73063a971dd19d360"
            ],
            "index": "pypi",
            "version": "==0.1.1"
        },
        "termcolor": {
            "hashes": [
                "sha256:1d6d69ce66211143803fbc56652b41d73b4a400a2891d7bf7a1cdf4c02de613b"
            ],
            "version": "==1.1.0"
        },
        "urllib3": {
            "hashes": [
                "sha256:61bf29cada3fc2fbefad4fdf059ea4bd1b4a86d2b6d15e1c7c0b582b9752fe39",
                "sha256:de9529817c93f27c8ccbfead6985011db27bd0ddfcdb2d86f3f663385c6a9c22"
            ],
            "markers": "python_version >= '2.7' and python_version != '3.2.*' and python_version != '3.0.*' and python_version != '3.3.*' and python_version != '3.1.*' and python_version < '4'",
            "version": "==1.24.1"
        },
        "werkzeug": {
            "hashes": [
                "sha256:c3fd7a7d41976d9f44db327260e263132466836cef6f91512889ed60ad26557c",
                "sha256:d5da73735293558eb1651ee2fddc4d0dedcfa06538b8813a2e20011583c9e49b"
            ],
            "version": "==0.14.1"
        },
        "wheel": {
            "hashes": [
                "sha256:196c9842d79262bb66fcf59faa4bd0deb27da911dbc7c6cdca931080eb1f0783",
                "sha256:c93e2d711f5f9841e17f53b0e6c0ff85593f3b416b6eec7a9452041a59a42688"
            ],
            "markers": "python_version >= '2.7' and python_version != '3.3.*' and python_version != '3.1.*' and python_version != '3.2.*' and python_version != '3.0.*'",
            "version": "==0.32.2"
        }
    },
    "develop": {}
}
